PODS:
  - Alamofire (4.0.1)
  - SwiftShip (0.1.0):
    - Alamofire

DEPENDENCIES:
  - Alamofire (~> 4.0)
  - SwiftShip (from `../`)

EXTERNAL SOURCES:
  SwiftShip:
    :path: "../"

SPEC CHECKSUMS:
  Alamofire: 7682d43245de14874acd142ec137b144aa1dd335
  SwiftShip: 89909726d0bf935f0b5d07381159efc34c6005c8

PODFILE CHECKSUM: db70cfbb576dcc3a1471242bbc4578770826f2c6

COCOAPODS: 1.1.0
